
Microsoft Visual Studio Solution File, Format Version 9.00
# Visual Studio 2005
Project("{F184B08F-C81C-45F6-A57F-5ABD9991F28F}") = "relay", "relay.vbproj", "{B197A4A4-B49E-4646-A961-C6FB47B0C3C7}"
EndProject
Global
	GlobalSection(SolutionConfigurationPlatforms) = preSolution
		Debug|Any CPU = Debug|Any CPU
		Release|Any CPU = Release|Any CPU
	EndGlobalSection
	GlobalSection(ProjectConfigurationPlatforms) = postSolution
		{B197A4A4-B49E-4646-A961-C6FB47B0C3C7}.Debug|Any CPU.ActiveCfg = Debug|Any CPU
		{B197A4A4-B49E-4646-A961-C6FB47B0C3C7}.Debug|Any CPU.Build.0 = Debug|Any CPU
		{B197A4A4-B49E-4646-A961-C6FB47B0C3C7}.Release|Any CPU.ActiveCfg = Release|Any CPU
		{B197A4A4-B49E-4646-A961-C6FB47B0C3C7}.Release|Any CPU.Build.0 = Release|Any CPU
	EndGlobalSection
	GlobalSection(SolutionProperties) = preSolution
		HideSolutionNode = FALSE
	EndGlobalSection
EndGlobal
